
Microsoft Visual Studio Solution File, Format Version 12.00
# Visual Studio Version 17
VisualStudioVersion = 17.5.002.0
MinimumVisualStudioVersion = 10.0.40219.1
Project("{9A19103F-16F7-4668-BE54-9A1E7A4F7556}") = "helloworld", "helloworld.csproj", "{4F3A393C-FF3D-47A3-97A0-E60032B7A290}"
EndProject
Global
	GlobalSection(SolutionConfigurationPlatforms) = preSolution
		Debug|Any CPU = Debug|Any CPU
		Release|Any CPU = Release|Any CPU
	EndGlobalSection
	GlobalSection(ProjectConfigurationPlatforms) = postSolution
		{4F3A393C-FF3D-47A3-97A0-E60032B7A290}.Debug|Any CPU.ActiveCfg = Debug|Any CPU
		{4F3A393C-FF3D-47A3-97A0-E60032B7A290}.Debug|Any CPU.Build.0 = Debug|Any CPU
		{4F3A393C-FF3D-47A3-97A0-E60032B7A290}.Release|Any CPU.ActiveCfg = Release|Any CPU
		{4F3A393C-FF3D-47A3-97A0-E60032B7A290}.Release|Any CPU.Build.0 = Release|Any CPU
	EndGlobalSection
	GlobalSection(SolutionProperties) = preSolution
		HideSolutionNode = FALSE
	EndGlobalSection
	GlobalSection(ExtensibilityGlobals) = postSolution
		SolutionGuid = {30FF0FE2-8400-424B-9E8F-D7FE15DDA298}
	EndGlobalSection
EndGlobal
